
Microsoft Visual Studio Solution File, Format Version 12.00
# Visual Studio Version 16
VisualStudioVersion = 16.0.30114.105
MinimumVisualStudioVersion = 10.0.40219.1
Project("{FAE04EC0-301F-11D3-BF4B-00C04F79EFBC}") = "CleanArchMvc.Application", "CleanArchMvc.Application\CleanArchMvc.Application.csproj", "{33DF8A43-4210-4C70-9848-D68F84B88F71}"
EndProject
Project("{FAE04EC0-301F-11D3-BF4B-00C04F79EFBC}") = "CleanArchMvc.Domain", "CleanArchMvc.Domain\CleanArchMvc.Domain.csproj", "{775BF7DB-CCA0-4E2A-9D56-A30C98B1863C}"
EndProject
Project("{FAE04EC0-301F-11D3-BF4B-00C04F79EFBC}") = "CleanArchMvc.Infra.Data", "CleanArchMvc.Infra.Data\CleanArchMvc.Infra.Data.csproj", "{91D7A49F-56DA-41DF-A010-2622D3015F8E}"
EndProject
Project("{FAE04EC0-301F-11D3-BF4B-00C04F79EFBC}") = "CleanArchMvc.Infra.Ioc", "CleanArchMvc.Infra.IoC\CleanArchMvc.Infra.Ioc.csproj", "{0D10A2B5-3FBB-46EE-A979-9C692EC50460}"
EndProject
Project("{FAE04EC0-301F-11D3-BF4B-00C04F79EFBC}") = "CleanArchMvc.WebUi", "CleanArchMvc.WebUI\CleanArchMvc.WebUi.csproj", "{43763FB7-C2D6-44F5-9954-0601FD027E61}"
EndProject
Global
	GlobalSection(SolutionConfigurationPlatforms) = preSolution
		Debug|Any CPU = Debug|Any CPU
		Debug|x64 = Debug|x64
		Debug|x86 = Debug|x86
		Release|Any CPU = Release|Any CPU
		Release|x64 = Release|x64
		Release|x86 = Release|x86
	EndGlobalSection
	GlobalSection(SolutionProperties) = preSolution
		HideSolutionNode = FALSE
	EndGlobalSection
	GlobalSection(ProjectConfigurationPlatforms) = postSolution
		{33DF8A43-4210-4C70-9848-D68F84B88F71}.Debug|Any CPU.ActiveCfg = Debug|Any CPU
		{33DF8A43-4210-4C70-9848-D68F84B88F71}.Debug|Any CPU.Build.0 = Debug|Any CPU
		{33DF8A43-4210-4C70-9848-D68F84B88F71}.Debug|x64.ActiveCfg = Debug|Any CPU
		{33DF8A43-4210-4C70-9848-D68F84B88F71}.Debug|x64.Build.0 = Debug|Any CPU
		{33DF8A43-4210-4C70-9848-D68F84B88F71}.Debug|x86.ActiveCfg = Debug|Any CPU
		{33DF8A43-4210-4C70-9848-D68F84B88F71}.Debug|x86.Build.0 = Debug|Any CPU
		{33DF8A43-4210-4C70-9848-D68F84B88F71}.Release|Any CPU.ActiveCfg = Release|Any CPU
		{33DF8A43-4210-4C70-9848-D68F84B88F71}.Release|Any CPU.Build.0 = Release|Any CPU
		{33DF8A43-4210-4C70-9848-D68F84B88F71}.Release|x64.ActiveCfg = Release|Any CPU
		{33DF8A43-4210-4C70-9848-D68F84B88F71}.Release|x64.Build.0 = Release|Any CPU
		{33DF8A43-4210-4C70-9848-D68F84B88F71}.Release|x86.ActiveCfg = Release|Any CPU
		{33DF8A43-4210-4C70-9848-D68F84B88F71}.Release|x86.Build.0 = Release|Any CPU
		{775BF7DB-CCA0-4E2A-9D56-A30C98B1863C}.Debug|Any CPU.ActiveCfg = Debug|Any CPU
		{775BF7DB-CCA0-4E2A-9D56-A30C98B1863C}.Debug|Any CPU.Build.0 = Debug|Any CPU
		{775BF7DB-CCA0-4E2A-9D56-A30C98B1863C}.Debug|x64.ActiveCfg = Debug|Any CPU
		{775BF7DB-CCA0-4E2A-9D56-A30C98B1863C}.Debug|x64.Build.0 = Debug|Any CPU
		{775BF7DB-CCA0-4E2A-9D56-A30C98B1863C}.Debug|x86.ActiveCfg = Debug|Any CPU
		{775BF7DB-CCA0-4E2A-9D56-A30C98B1863C}.Debug|x86.Build.0 = Debug|Any CPU
		{775BF7DB-CCA0-4E2A-9D56-A30C98B1863C}.Release|Any CPU.ActiveCfg = Release|Any CPU
		{775BF7DB-CCA0-4E2A-9D56-A30C98B1863C}.Release|Any CPU.Build.0 = Release|Any CPU
		{775BF7DB-CCA0-4E2A-9D56-A30C98B1863C}.Release|x64.ActiveCfg = Release|Any CPU
		{775BF7DB-CCA0-4E2A-9D56-A30C98B1863C}.Release|x64.Build.0 = Release|Any CPU
		{775BF7DB-CCA0-4E2A-9D56-A30C98B1863C}.Release|x86.ActiveCfg = Release|Any CPU
		{775BF7DB-CCA0-4E2A-9D56-A30C98B1863C}.Release|x86.Build.0 = Release|Any CPU
		{91D7A49F-56DA-41DF-A010-2622D3015F8E}.Debug|Any CPU.ActiveCfg = Debug|Any CPU
		{91D7A49F-56DA-41DF-A010-2622D3015F8E}.Debug|Any CPU.Build.0 = Debug|Any CPU
		{91D7A49F-56DA-41DF-A010-2622D3015F8E}.Debug|x64.ActiveCfg = Debug|Any CPU
		{91D7A49F-56DA-41DF-A010-2622D3015F8E}.Debug|x64.Build.0 = Debug|Any CPU
		{91D7A49F-56DA-41DF-A010-2622D3015F8E}.Debug|x86.ActiveCfg = Debug|Any CPU
		{91D7A49F-56DA-41DF-A010-2622D3015F8E}.Debug|x86.Build.0 = Debug|Any CPU
		{91D7A49F-56DA-41DF-A010-2622D3015F8E}.Release|Any CPU.ActiveCfg = Release|Any CPU
		{91D7A49F-56DA-41DF-A010-2622D3015F8E}.Release|Any CPU.Build.0 = Release|Any CPU
		{91D7A49F-56DA-41DF-A010-2622D3015F8E}.Release|x64.ActiveCfg = Release|Any CPU
		{91D7A49F-56DA-41DF-A010-2622D3015F8E}.Release|x64.Build.0 = Release|Any CPU
		{91D7A49F-56DA-41DF-A010-2622D3015F8E}.Release|x86.ActiveCfg = Release|Any CPU
		{91D7A49F-56DA-41DF-A010-2622D3015F8E}.Release|x86.Build.0 = Release|Any CPU
		{0D10A2B5-3FBB-46EE-A979-9C692EC50460}.Debug|Any CPU.ActiveCfg = Debug|Any CPU
		{0D10A2B5-3FBB-46EE-A979-9C692EC50460}.Debug|Any CPU.Build.0 = Debug|Any CPU
		{0D10A2B5-3FBB-46EE-A979-9C692EC50460}.Debug|x64.ActiveCfg = Debug|Any CPU
		{0D10A2B5-3FBB-46EE-A979-9C692EC50460}.Debug|x64.Build.0 = Debug|Any CPU
		{0D10A2B5-3FBB-46EE-A979-9C692EC50460}.Debug|x86.ActiveCfg = Debug|Any CPU
		{0D10A2B5-3FBB-46EE-A979-9C692EC50460}.Debug|x86.Build.0 = Debug|Any CPU
		{0D10A2B5-3FBB-46EE-A979-9C692EC50460}.Release|Any CPU.ActiveCfg = Release|Any CPU
		{0D10A2B5-3FBB-46EE-A979-9C692EC50460}.Release|Any CPU.Build.0 = Release|Any CPU
		{0D10A2B5-3FBB-46EE-A979-9C692EC50460}.Release|x64.ActiveCfg = Release|Any CPU
		{0D10A2B5-3FBB-46EE-A979-9C692EC50460}.Release|x64.Build.0 = Release|Any CPU
		{0D10A2B5-3FBB-46EE-A979-9C692EC50460}.Release|x86.ActiveCfg = Release|Any CPU
		{0D10A2B5-3FBB-46EE-A979-9C692EC50460}.Release|x86.Build.0 = Release|Any CPU
		{43763FB7-C2D6-44F5-9954-0601FD027E61}.Debug|Any CPU.ActiveCfg = Debug|Any CPU
		{43763FB7-C2D6-44F5-9954-0601FD027E61}.Debug|Any CPU.Build.0 = Debug|Any CPU
		{43763FB7-C2D6-44F5-9954-0601FD027E61}.Debug|x64.ActiveCfg = Debug|Any CPU
		{43763FB7-C2D6-44F5-9954-0601FD027E61}.Debug|x64.Build.0 = Debug|Any CPU
		{43763FB7-C2D6-44F5-9954-0601FD027E61}.Debug|x86.ActiveCfg = Debug|Any CPU
		{43763FB7-C2D6-44F5-9954-0601FD027E61}.Debug|x86.Build.0 = Debug|Any CPU
		{43763FB7-C2D6-44F5-9954-0601FD027E61}.Release|Any CPU.ActiveCfg = Release|Any CPU
		{43763FB7-C2D6-44F5-9954-0601FD027E61}.Release|Any CPU.Build.0 = Release|Any CPU
		{43763FB7-C2D6-44F5-9954-0601FD027E61}.Release|x64.ActiveCfg = Release|Any CPU
		{43763FB7-C2D6-44F5-9954-0601FD027E61}.Release|x64.Build.0 = Release|Any CPU
		{43763FB7-C2D6-44F5-9954-0601FD027E61}.Release|x86.ActiveCfg = Release|Any CPU
		{43763FB7-C2D6-44F5-9954-0601FD027E61}.Release|x86.Build.0 = Release|Any CPU
	EndGlobalSection
EndGlobal
